
Microsoft Visual Studio Solution File, Format Version 12.00
# Visual Studio 2012
Project("{2150E333-8FDC-42A3-9474-1A3956D46DE8}") = "TestBeds", "TestBeds", "{E0FA4695-001F-4520-99EC-24533B3CC92F}"
EndProject
Project("{2150E333-8FDC-42A3-9474-1A3956D46DE8}") = "Generators", "Generators", "{1AAA9348-6D3D-4456-B663-26770A3DDD93}"
EndProject
Project("{FAE04EC0-301F-11D3-BF4B-00C04F79EFBC}") = "GeneratorFramework_3.5", "GeneratorFramework_3.5\GeneratorFramework_3.5.csproj", "{1BFBD29D-6A3A-4820-A3F0-E12E5895B435}"
EndProject
Project("{FAE04EC0-301F-11D3-BF4B-00C04F79EFBC}") = "GeneratorFramework_4.5", "GeneratorFramework_4.5\GeneratorFramework_4.5.csproj", "{9A06DD95-6713-463D-BDC3-B841A2F2E9AC}"
EndProject
Project("{2150E333-8FDC-42A3-9474-1A3956D46DE8}") = ".NET 3.5", ".NET 3.5", "{824FC1D3-D563-42ED-AFEF-103B908F0E47}"
EndProject
Project("{2150E333-8FDC-42A3-9474-1A3956D46DE8}") = ".NET 4.5", ".NET 4.5", "{48CEAD9D-4F4C-484B-AB6E-DFAE9068963C}"
EndProject
Project("{2150E333-8FDC-42A3-9474-1A3956D46DE8}") = ".NET 3.5", ".NET 3.5", "{24A82C41-E813-4846-A37A-7E3AD347AE79}"
EndProject
Project("{2150E333-8FDC-42A3-9474-1A3956D46DE8}") = ".NET 4.5", ".NET 4.5", "{9FB5C038-C2C0-4AD6-AC06-5C54B08B73CF}"
EndProject
Project("{FAE04EC0-301F-11D3-BF4B-00C04F79EFBC}") = "FiddlerSessionComparer_3.5", "FiddlerSessionComparer_3.5\FiddlerSessionComparer_3.5.csproj", "{2FED9CCB-C331-4BAB-8B8D-17754DC873B7}"
EndProject
Project("{FAE04EC0-301F-11D3-BF4B-00C04F79EFBC}") = "FiddlerSessionComparer_4.5", "FiddlerSessionComparer_4.5\FiddlerSessionComparer_4.5.csproj", "{E228FDB9-9B9B-43B5-A9C1-AB11AA47F136}"
EndProject
Project("{FAE04EC0-301F-11D3-BF4B-00C04F79EFBC}") = "ScriptGeneratorGUI_3.5", "ScriptGeneratorGUI_3.5\ScriptGeneratorGUI_3.5.csproj", "{C565D9CA-579C-4E50-8908-D173140117C8}"
EndProject
Project("{FAE04EC0-301F-11D3-BF4B-00C04F79EFBC}") = "ScriptGeneratorGUI_4.5", "ScriptGeneratorGUI_4.5\ScriptGeneratorGUI_4.5.csproj", "{BF765900-8D1D-4262-83B2-5B183D967A92}"
EndProject
Project("{FAE04EC0-301F-11D3-BF4B-00C04F79EFBC}") = "FiddlerSessionComparerGUI_4.5", "FiddlerSessionComparerGUI_4.5\FiddlerSessionComparerGUI_4.5.csproj", "{B8222B36-1193-4D0B-B8FC-82BC0F176E6D}"
EndProject
Project("{FAE04EC0-301F-11D3-BF4B-00C04F79EFBC}") = "FiddlerSessionComparerCLI_4.5", "FiddlerSessionComparerCLI_4.5\FiddlerSessionComparerCLI_4.5.csproj", "{537D3B50-0FB2-404D-9C0F-05B0FEE63F1A}"
EndProject
Project("{FAE04EC0-301F-11D3-BF4B-00C04F79EFBC}") = "FiddlerSessionComparerCLI_3.5", "FiddlerSessionComparerCLI_3.5\FiddlerSessionComparerCLI_3.5.csproj", "{8F0A58A6-733D-4FB6-ABF6-593C2A77EA50}"
EndProject
Global
	GlobalSection(SolutionConfigurationPlatforms) = preSolution
		Debug|Any CPU = Debug|Any CPU
		Debug|Mixed Platforms = Debug|Mixed Platforms
		Debug|x86 = Debug|x86
		Release|Any CPU = Release|Any CPU
		Release|Mixed Platforms = Release|Mixed Platforms
		Release|x86 = Release|x86
	EndGlobalSection
	GlobalSection(ProjectConfigurationPlatforms) = postSolution
		{1BFBD29D-6A3A-4820-A3F0-E12E5895B435}.Debug|Any CPU.ActiveCfg = Debug|Any CPU
		{1BFBD29D-6A3A-4820-A3F0-E12E5895B435}.Debug|Any CPU.Build.0 = Debug|Any CPU
		{1BFBD29D-6A3A-4820-A3F0-E12E5895B435}.Debug|Mixed Platforms.ActiveCfg = Debug|Any CPU
		{1BFBD29D-6A3A-4820-A3F0-E12E5895B435}.Debug|Mixed Platforms.Build.0 = Debug|Any CPU
		{1BFBD29D-6A3A-4820-A3F0-E12E5895B435}.Debug|x86.ActiveCfg = Debug|Any CPU
		{1BFBD29D-6A3A-4820-A3F0-E12E5895B435}.Debug|x86.Build.0 = Debug|Any CPU
		{1BFBD29D-6A3A-4820-A3F0-E12E5895B435}.Release|Any CPU.ActiveCfg = Release|Any CPU
		{1BFBD29D-6A3A-4820-A3F0-E12E5895B435}.Release|Any CPU.Build.0 = Release|Any CPU
		{1BFBD29D-6A3A-4820-A3F0-E12E5895B435}.Release|Mixed Platforms.ActiveCfg = Release|Any CPU
		{1BFBD29D-6A3A-4820-A3F0-E12E5895B435}.Release|Mixed Platforms.Build.0 = Release|Any CPU
		{1BFBD29D-6A3A-4820-A3F0-E12E5895B435}.Release|x86.ActiveCfg = Release|Any CPU
		{9A06DD95-6713-463D-BDC3-B841A2F2E9AC}.Debug|Any CPU.ActiveCfg = Debug|Any CPU
		{9A06DD95-6713-463D-BDC3-B841A2F2E9AC}.Debug|Any CPU.Build.0 = Debug|Any CPU
		{9A06DD95-6713-463D-BDC3-B841A2F2E9AC}.Debug|Mixed Platforms.ActiveCfg = Debug|Any CPU
		{9A06DD95-6713-463D-BDC3-B841A2F2E9AC}.Debug|Mixed Platforms.Build.0 = Debug|Any CPU
		{9A06DD95-6713-463D-BDC3-B841A2F2E9AC}.Debug|x86.ActiveCfg = Debug|Any CPU
		{9A06DD95-6713-463D-BDC3-B841A2F2E9AC}.Debug|x86.Build.0 = Debug|Any CPU
		{9A06DD95-6713-463D-BDC3-B841A2F2E9AC}.Release|Any CPU.ActiveCfg = Release|Any CPU
		{9A06DD95-6713-463D-BDC3-B841A2F2E9AC}.Release|Any CPU.Build.0 = Release|Any CPU
		{9A06DD95-6713-463D-BDC3-B841A2F2E9AC}.Release|Mixed Platforms.ActiveCfg = Release|Any CPU
		{9A06DD95-6713-463D-BDC3-B841A2F2E9AC}.Release|Mixed Platforms.Build.0 = Release|Any CPU
		{9A06DD95-6713-463D-BDC3-B841A2F2E9AC}.Release|x86.ActiveCfg = Release|Any CPU
		{2FED9CCB-C331-4BAB-8B8D-17754DC873B7}.Debug|Any CPU.ActiveCfg = Debug|Any CPU
		{2FED9CCB-C331-4BAB-8B8D-17754DC873B7}.Debug|Any CPU.Build.0 = Debug|Any CPU
		{2FED9CCB-C331-4BAB-8B8D-17754DC873B7}.Debug|Mixed Platforms.ActiveCfg = Debug|Any CPU
		{2FED9CCB-C331-4BAB-8B8D-17754DC873B7}.Debug|Mixed Platforms.Build.0 = Debug|Any CPU
		{2FED9CCB-C331-4BAB-8B8D-17754DC873B7}.Debug|x86.ActiveCfg = Debug|Any CPU
		{2FED9CCB-C331-4BAB-8B8D-17754DC873B7}.Release|Any CPU.ActiveCfg = Release|Any CPU
		{2FED9CCB-C331-4BAB-8B8D-17754DC873B7}.Release|Any CPU.Build.0 = Release|Any CPU
		{2FED9CCB-C331-4BAB-8B8D-17754DC873B7}.Release|Mixed Platforms.ActiveCfg = Release|Any CPU
		{2FED9CCB-C331-4BAB-8B8D-17754DC873B7}.Release|Mixed Platforms.Build.0 = Release|Any CPU
		{2FED9CCB-C331-4BAB-8B8D-17754DC873B7}.Release|x86.ActiveCfg = Release|Any CPU
		{E228FDB9-9B9B-43B5-A9C1-AB11AA47F136}.Debug|Any CPU.ActiveCfg = Debug|Any CPU
		{E228FDB9-9B9B-43B5-A9C1-AB11AA47F136}.Debug|Any CPU.Build.0 = Debug|Any CPU
		{E228FDB9-9B9B-43B5-A9C1-AB11AA47F136}.Debug|Mixed Platforms.ActiveCfg = Debug|Any CPU
		{E228FDB9-9B9B-43B5-A9C1-AB11AA47F136}.Debug|Mixed Platforms.Build.0 = Debug|Any CPU
		{E228FDB9-9B9B-43B5-A9C1-AB11AA47F136}.Debug|x86.ActiveCfg = Debug|Any CPU
		{E228FDB9-9B9B-43B5-A9C1-AB11AA47F136}.Release|Any CPU.ActiveCfg = Release|Any CPU
		{E228FDB9-9B9B-43B5-A9C1-AB11AA47F136}.Release|Any CPU.Build.0 = Release|Any CPU
		{E228FDB9-9B9B-43B5-A9C1-AB11AA47F136}.Release|Mixed Platforms.ActiveCfg = Release|Any CPU
		{E228FDB9-9B9B-43B5-A9C1-AB11AA47F136}.Release|Mixed Platforms.Build.0 = Release|Any CPU
		{E228FDB9-9B9B-43B5-A9C1-AB11AA47F136}.Release|x86.ActiveCfg = Release|Any CPU
		{C565D9CA-579C-4E50-8908-D173140117C8}.Debug|Any CPU.ActiveCfg = Debug|Any CPU
		{C565D9CA-579C-4E50-8908-D173140117C8}.Debug|Any CPU.Build.0 = Debug|Any CPU
		{C565D9CA-579C-4E50-8908-D173140117C8}.Debug|Mixed Platforms.ActiveCfg = Debug|Any CPU
		{C565D9CA-579C-4E50-8908-D173140117C8}.Debug|Mixed Platforms.Build.0 = Debug|Any CPU
		{C565D9CA-579C-4E50-8908-D173140117C8}.Debug|x86.ActiveCfg = Debug|Any CPU
		{C565D9CA-579C-4E50-8908-D173140117C8}.Release|Any CPU.ActiveCfg = Release|Any CPU
		{C565D9CA-579C-4E50-8908-D173140117C8}.Release|Any CPU.Build.0 = Release|Any CPU
		{C565D9CA-579C-4E50-8908-D173140117C8}.Release|Mixed Platforms.ActiveCfg = Release|Any CPU
		{C565D9CA-579C-4E50-8908-D173140117C8}.Release|Mixed Platforms.Build.0 = Release|Any CPU
		{C565D9CA-579C-4E50-8908-D173140117C8}.Release|x86.ActiveCfg = Release|Any CPU
		{BF765900-8D1D-4262-83B2-5B183D967A92}.Debug|Any CPU.ActiveCfg = Debug|Any CPU
		{BF765900-8D1D-4262-83B2-5B183D967A92}.Debug|Any CPU.Build.0 = Debug|Any CPU
		{BF765900-8D1D-4262-83B2-5B183D967A92}.Debug|Mixed Platforms.ActiveCfg = Debug|Any CPU
		{BF765900-8D1D-4262-83B2-5B183D967A92}.Debug|Mixed Platforms.Build.0 = Debug|Any CPU
		{BF765900-8D1D-4262-83B2-5B183D967A92}.Debug|x86.ActiveCfg = Debug|Any CPU
		{BF765900-8D1D-4262-83B2-5B183D967A92}.Release|Any CPU.ActiveCfg = Release|Any CPU
		{BF765900-8D1D-4262-83B2-5B183D967A92}.Release|Any CPU.Build.0 = Release|Any CPU
		{BF765900-8D1D-4262-83B2-5B183D967A92}.Release|Mixed Platforms.ActiveCfg = Release|Any CPU
		{BF765900-8D1D-4262-83B2-5B183D967A92}.Release|Mixed Platforms.Build.0 = Release|Any CPU
		{BF765900-8D1D-4262-83B2-5B183D967A92}.Release|x86.ActiveCfg = Release|Any CPU
		{B8222B36-1193-4D0B-B8FC-82BC0F176E6D}.Debug|Any CPU.ActiveCfg = Debug|Any CPU
		{B8222B36-1193-4D0B-B8FC-82BC0F176E6D}.Debug|Any CPU.Build.0 = Debug|Any CPU
		{B8222B36-1193-4D0B-B8FC-82BC0F176E6D}.Debug|Mixed Platforms.ActiveCfg = Debug|Any CPU
		{B8222B36-1193-4D0B-B8FC-82BC0F176E6D}.Debug|Mixed Platforms.Build.0 = Debug|Any CPU
		{B8222B36-1193-4D0B-B8FC-82BC0F176E6D}.Debug|x86.ActiveCfg = Debug|Any CPU
		{B8222B36-1193-4D0B-B8FC-82BC0F176E6D}.Release|Any CPU.ActiveCfg = Release|Any CPU
		{B8222B36-1193-4D0B-B8FC-82BC0F176E6D}.Release|Any CPU.Build.0 = Release|Any CPU
		{B8222B36-1193-4D0B-B8FC-82BC0F176E6D}.Release|Mixed Platforms.ActiveCfg = Release|Any CPU
		{B8222B36-1193-4D0B-B8FC-82BC0F176E6D}.Release|Mixed Platforms.Build.0 = Release|Any CPU
		{B8222B36-1193-4D0B-B8FC-82BC0F176E6D}.Release|x86.ActiveCfg = Release|Any CPU
		{537D3B50-0FB2-404D-9C0F-05B0FEE63F1A}.Debug|Any CPU.ActiveCfg = Debug|Any CPU
		{537D3B50-0FB2-404D-9C0F-05B0FEE63F1A}.Debug|Any CPU.Build.0 = Debug|Any CPU
		{537D3B50-0FB2-404D-9C0F-05B0FEE63F1A}.Debug|Mixed Platforms.ActiveCfg = Debug|Any CPU
		{537D3B50-0FB2-404D-9C0F-05B0FEE63F1A}.Debug|Mixed Platforms.Build.0 = Debug|Any CPU
		{537D3B50-0FB2-404D-9C0F-05B0FEE63F1A}.Debug|x86.ActiveCfg = Debug|Any CPU
		{537D3B50-0FB2-404D-9C0F-05B0FEE63F1A}.Release|Any CPU.ActiveCfg = Release|Any CPU
		{537D3B50-0FB2-404D-9C0F-05B0FEE63F1A}.Release|Any CPU.Build.0 = Release|Any CPU
		{537D3B50-0FB2-404D-9C0F-05B0FEE63F1A}.Release|Mixed Platforms.ActiveCfg = Release|Any CPU
		{537D3B50-0FB2-404D-9C0F-05B0FEE63F1A}.Release|Mixed Platforms.Build.0 = Release|Any CPU
		{537D3B50-0FB2-404D-9C0F-05B0FEE63F1A}.Release|x86.ActiveCfg = Release|Any CPU
		{8F0A58A6-733D-4FB6-ABF6-593C2A77EA50}.Debug|Any CPU.ActiveCfg = Debug|Any CPU
		{8F0A58A6-733D-4FB6-ABF6-593C2A77EA50}.Debug|Any CPU.Build.0 = Debug|Any CPU
		{8F0A58A6-733D-4FB6-ABF6-593C2A77EA50}.Debug|Mixed Platforms.ActiveCfg = Debug|Any CPU
		{8F0A58A6-733D-4FB6-ABF6-593C2A77EA50}.Debug|Mixed Platforms.Build.0 = Debug|Any CPU
		{8F0A58A6-733D-4FB6-ABF6-593C2A77EA50}.Debug|x86.ActiveCfg = Debug|Any CPU
		{8F0A58A6-733D-4FB6-ABF6-593C2A77EA50}.Release|Any CPU.ActiveCfg = Release|Any CPU
		{8F0A58A6-733D-4FB6-ABF6-593C2A77EA50}.Release|Any CPU.Build.0 = Release|Any CPU
		{8F0A58A6-733D-4FB6-ABF6-593C2A77EA50}.Release|Mixed Platforms.ActiveCfg = Release|Any CPU
		{8F0A58A6-733D-4FB6-ABF6-593C2A77EA50}.Release|Mixed Platforms.Build.0 = Release|Any CPU
		{8F0A58A6-733D-4FB6-ABF6-593C2A77EA50}.Release|x86.ActiveCfg = Release|Any CPU
	EndGlobalSection
	GlobalSection(SolutionProperties) = preSolution
		HideSolutionNode = FALSE
	EndGlobalSection
	GlobalSection(NestedProjects) = preSolution
		{24A82C41-E813-4846-A37A-7E3AD347AE79} = {E0FA4695-001F-4520-99EC-24533B3CC92F}
		{9FB5C038-C2C0-4AD6-AC06-5C54B08B73CF} = {E0FA4695-001F-4520-99EC-24533B3CC92F}
		{824FC1D3-D563-42ED-AFEF-103B908F0E47} = {1AAA9348-6D3D-4456-B663-26770A3DDD93}
		{48CEAD9D-4F4C-484B-AB6E-DFAE9068963C} = {1AAA9348-6D3D-4456-B663-26770A3DDD93}
		{1BFBD29D-6A3A-4820-A3F0-E12E5895B435} = {824FC1D3-D563-42ED-AFEF-103B908F0E47}
		{2FED9CCB-C331-4BAB-8B8D-17754DC873B7} = {824FC1D3-D563-42ED-AFEF-103B908F0E47}
		{9A06DD95-6713-463D-BDC3-B841A2F2E9AC} = {48CEAD9D-4F4C-484B-AB6E-DFAE9068963C}
		{E228FDB9-9B9B-43B5-A9C1-AB11AA47F136} = {48CEAD9D-4F4C-484B-AB6E-DFAE9068963C}
		{C565D9CA-579C-4E50-8908-D173140117C8} = {24A82C41-E813-4846-A37A-7E3AD347AE79}
		{8F0A58A6-733D-4FB6-ABF6-593C2A77EA50} = {24A82C41-E813-4846-A37A-7E3AD347AE79}
		{BF765900-8D1D-4262-83B2-5B183D967A92} = {9FB5C038-C2C0-4AD6-AC06-5C54B08B73CF}
		{B8222B36-1193-4D0B-B8FC-82BC0F176E6D} = {9FB5C038-C2C0-4AD6-AC06-5C54B08B73CF}
		{537D3B50-0FB2-404D-9C0F-05B0FEE63F1A} = {9FB5C038-C2C0-4AD6-AC06-5C54B08B73CF}
	EndGlobalSection
EndGlobal
